
Microsoft Visual Studio Solution File, Format Version 12.00
# Visual Studio Version 17
VisualStudioVersion = 17.13.35818.85 d17.13
MinimumVisualStudioVersion = 10.0.40219.1
Project("{FAE04EC0-301F-11D3-BF4B-00C04F79EFBC}") = "ReceiveServiceBusMessage", "ReceiveServiceBusMessage.csproj", "{ADDAEFF9-059F-4DC4-8C64-33500BA2D19C}"
EndProject
Global
	GlobalSection(SolutionConfigurationPlatforms) = preSolution
		Debug|Any CPU = Debug|Any CPU
		Release|Any CPU = Release|Any CPU
	EndGlobalSection
	GlobalSection(ProjectConfigurationPlatforms) = postSolution
		{ADDAEFF9-059F-4DC4-8C64-33500BA2D19C}.Debug|Any CPU.ActiveCfg = Debug|Any CPU
		{ADDAEFF9-059F-4DC4-8C64-33500BA2D19C}.Debug|Any CPU.Build.0 = Debug|Any CPU
		{ADDAEFF9-059F-4DC4-8C64-33500BA2D19C}.Release|Any CPU.ActiveCfg = Release|Any CPU
		{ADDAEFF9-059F-4DC4-8C64-33500BA2D19C}.Release|Any CPU.Build.0 = Release|Any CPU
	EndGlobalSection
	GlobalSection(SolutionProperties) = preSolution
		HideSolutionNode = FALSE
	EndGlobalSection
	GlobalSection(ExtensibilityGlobals) = postSolution
		SolutionGuid = {B267EADC-3663-4301-874B-86A56801712A}
	EndGlobalSection
EndGlobal
